
Microsoft Visual Studio Solution File, Format Version 12.00
# Visual Studio 14
VisualStudioVersion = 14.0.25420.1
MinimumVisualStudioVersion = 10.0.40219.1
Project("{FAE04EC0-301F-11D3-BF4B-00C04F79EFBC}") = "ChatUi", "ChatUi\ChatUi.csproj", "{3FF4CBCD-C04B-49DA-BD79-0A6F0C7C40A6}"
EndProject
Project("{FAE04EC0-301F-11D3-BF4B-00C04F79EFBC}") = "ChatLib", "ChatLib\ChatLib.csproj", "{40E6C4EE-D151-4A2E-AD13-16885A44D8AE}"
EndProject
Project("{FAE04EC0-301F-11D3-BF4B-00C04F79EFBC}") = "LogLib", "LogLib\LogLib.csproj", "{981690F4-3BA2-4B6A-81AF-B3A92C34039B}"
EndProject
Project("{FAE04EC0-301F-11D3-BF4B-00C04F79EFBC}") = "LoggerLibrary", "..\..\..\..\Desktop\LoggerLibrary\LoggerLibrary.csproj", "{A5C56F56-7661-455F-A6CC-E816FF5916FC}"
EndProject
Global
	GlobalSection(SolutionConfigurationPlatforms) = preSolution
		Debug|Any CPU = Debug|Any CPU
		Release|Any CPU = Release|Any CPU
	EndGlobalSection
	GlobalSection(ProjectConfigurationPlatforms) = postSolution
		{3FF4CBCD-C04B-49DA-BD79-0A6F0C7C40A6}.Debug|Any CPU.ActiveCfg = Debug|Any CPU
		{3FF4CBCD-C04B-49DA-BD79-0A6F0C7C40A6}.Debug|Any CPU.Build.0 = Debug|Any CPU
		{3FF4CBCD-C04B-49DA-BD79-0A6F0C7C40A6}.Release|Any CPU.ActiveCfg = Release|Any CPU
		{3FF4CBCD-C04B-49DA-BD79-0A6F0C7C40A6}.Release|Any CPU.Build.0 = Release|Any CPU
		{40E6C4EE-D151-4A2E-AD13-16885A44D8AE}.Debug|Any CPU.ActiveCfg = Debug|Any CPU
		{40E6C4EE-D151-4A2E-AD13-16885A44D8AE}.Debug|Any CPU.Build.0 = Debug|Any CPU
		{40E6C4EE-D151-4A2E-AD13-16885A44D8AE}.Release|Any CPU.ActiveCfg = Release|Any CPU
		{40E6C4EE-D151-4A2E-AD13-16885A44D8AE}.Release|Any CPU.Build.0 = Release|Any CPU
		{981690F4-3BA2-4B6A-81AF-B3A92C34039B}.Debug|Any CPU.ActiveCfg = Debug|Any CPU
		{981690F4-3BA2-4B6A-81AF-B3A92C34039B}.Debug|Any CPU.Build.0 = Debug|Any CPU
		{981690F4-3BA2-4B6A-81AF-B3A92C34039B}.Release|Any CPU.ActiveCfg = Release|Any CPU
		{981690F4-3BA2-4B6A-81AF-B3A92C34039B}.Release|Any CPU.Build.0 = Release|Any CPU
		{A5C56F56-7661-455F-A6CC-E816FF5916FC}.Debug|Any CPU.ActiveCfg = Debug|Any CPU
		{A5C56F56-7661-455F-A6CC-E816FF5916FC}.Debug|Any CPU.Build.0 = Debug|Any CPU
		{A5C56F56-7661-455F-A6CC-E816FF5916FC}.Release|Any CPU.ActiveCfg = Release|Any CPU
		{A5C56F56-7661-455F-A6CC-E816FF5916FC}.Release|Any CPU.Build.0 = Release|Any CPU
	EndGlobalSection
	GlobalSection(SolutionProperties) = preSolution
		HideSolutionNode = FALSE
	EndGlobalSection
EndGlobal
